Microsoft Visual Studio Solution File, Format Version 12.00
# Visual Studio Version 17
VisualStudioVersion = 17.0.32112.339
MinimumVisualStudioVersion = 10.0.40219.1
Project("{9A19103F-16F7-4668-BE54-9A1E7A4F7556}") = "Core", "Core\Core.csproj", "{277C93F8-DF2B-49B8-8A1C-1A64EB347B90}"
EndProject
Project("{9A19103F-16F7-4668-BE54-9A1E7A4F7556}") = "BlazorServer", "BlazorServer\BlazorServer.csproj", "{31DA3032-F0D5-42E0-8F93-AE8622B42C53}"
EndProject
Project("{2150E333-8FDC-42A3-9474-1A3956D46DE8}") = "Solution Items", "Solution Items", "{3F5D9F67-D788-4811-BB08-F28134BD5DA4}"
	ProjectSection(SolutionItems) = preProject
		.editorconfig = .editorconfig
	EndProjectSection
EndProject
Project("{9A19103F-16F7-4668-BE54-9A1E7A4F7556}") = "PathingAPI", "PathingAPI\PathingAPI.csproj", "{1FCAB55D-8AA5-4E68-9502-6C27D9BEF252}"
EndProject
Project("{9A19103F-16F7-4668-BE54-9A1E7A4F7556}") = "CoreTests", "CoreTests\CoreTests.csproj", "{36189519-32D6-4650-87CC-A525D99A0363}"
EndProject
Project("{9A19103F-16F7-4668-BE54-9A1E7A4F7556}") = "DataConfig", "DataConfig\DataConfig.csproj", "{841D6DAD-AB21-47CF-98C2-F1DE3CABF59A}"
EndProject
Project("{9A19103F-16F7-4668-BE54-9A1E7A4F7556}") = "WowheadDB", "WowheadDB\WowheadDB.csproj", "{95EC76B4-B82B-472A-97C4-7257246A5B41}"
EndProject
Project("{9A19103F-16F7-4668-BE54-9A1E7A4F7556}") = "SharedLib", "SharedLib\SharedLib.csproj", "{3C787F5D-0F6C-44F3-A9DA-8AF80EFCB6E1}"
EndProject
Project("{9A19103F-16F7-4668-BE54-9A1E7A4F7556}") = "WinAPI", "WinAPI\WinAPI.csproj", "{DC3149ED-D37A-4020-B4A0-3AD3B86754F3}"
EndProject
Project("{9A19103F-16F7-4668-BE54-9A1E7A4F7556}") = "Game", "Game\Game.csproj", "{2DD51B2A-AA1A-493C-9370-72B52B74E350}"
EndProject
Project("{9A19103F-16F7-4668-BE54-9A1E7A4F7556}") = "PPather", "PPather\PPather.csproj", "{1D6FF32B-C496-4EAB-86F6-CC1B0BC08F1A}"
EndProject
Project("{9A19103F-16F7-4668-BE54-9A1E7A4F7556}") = "Frontend", "Frontend\Frontend.csproj", "{A8281286-7AAA-4386-9919-6AB5BEA39BAF}"
EndProject
Project("{FAE04EC0-301F-11D3-BF4B-00C04F79EFBC}") = "HeadlessServer", "HeadlessServer\HeadlessServer.csproj", "{8364AC12-DBF5-4DFF-B3A2-87472413DE01}"
EndProject
Global
	GlobalSection(SolutionConfigurationPlatforms) = preSolution
		Debug|Any CPU = Debug|Any CPU
		Release|Any CPU = Release|Any CPU
	EndGlobalSection
	GlobalSection(ProjectConfigurationPlatforms) = postSolution
		{277C93F8-DF2B-49B8-8A1C-1A64EB347B90}.Debug|Any CPU.ActiveCfg = Debug|Any CPU
		{277C93F8-DF2B-49B8-8A1C-1A64EB347B90}.Debug|Any CPU.Build.0 = Debug|Any CPU
		{277C93F8-DF2B-49B8-8A1C-1A64EB347B90}.Release|Any CPU.ActiveCfg = Release|Any CPU
		{277C93F8-DF2B-49B8-8A1C-1A64EB347B90}.Release|Any CPU.Build.0 = Release|Any CPU
		{31DA3032-F0D5-42E0-8F93-AE8622B42C53}.Debug|Any CPU.ActiveCfg = Debug|Any CPU
		{31DA3032-F0D5-42E0-8F93-AE8622B42C53}.Debug|Any CPU.Build.0 = Debug|Any CPU
		{31DA3032-F0D5-42E0-8F93-AE8622B42C53}.Release|Any CPU.ActiveCfg = Release|Any CPU
		{31DA3032-F0D5-42E0-8F93-AE8622B42C53}.Release|Any CPU.Build.0 = Release|Any CPU
		{1FCAB55D-8AA5-4E68-9502-6C27D9BEF252}.Debug|Any CPU.ActiveCfg = Debug|Any CPU
		{1FCAB55D-8AA5-4E68-9502-6C27D9BEF252}.Debug|Any CPU.Build.0 = Debug|Any CPU
		{1FCAB55D-8AA5-4E68-9502-6C27D9BEF252}.Release|Any CPU.ActiveCfg = Release|Any CPU
		{1FCAB55D-8AA5-4E68-9502-6C27D9BEF252}.Release|Any CPU.Build.0 = Release|Any CPU
		{36189519-32D6-4650-87CC-A525D99A0363}.Debug|Any CPU.ActiveCfg = Debug|Any CPU
		{36189519-32D6-4650-87CC-A525D99A0363}.Debug|Any CPU.Build.0 = Debug|Any CPU
		{36189519-32D6-4650-87CC-A525D99A0363}.Release|Any CPU.ActiveCfg = Release|Any CPU
		{36189519-32D6-4650-87CC-A525D99A0363}.Release|Any CPU.Build.0 = Release|Any CPU
		{841D6DAD-AB21-47CF-98C2-F1DE3CABF59A}.Debug|Any CPU.ActiveCfg = Debug|Any CPU
		{841D6DAD-AB21-47CF-98C2-F1DE3CABF59A}.Debug|Any CPU.Build.0 = Debug|Any CPU
		{841D6DAD-AB21-47CF-98C2-F1DE3CABF59A}.Release|Any CPU.ActiveCfg = Release|Any CPU
		{841D6DAD-AB21-47CF-98C2-F1DE3CABF59A}.Release|Any CPU.Build.0 = Release|Any CPU
		{95EC76B4-B82B-472A-97C4-7257246A5B41}.Debug|Any CPU.ActiveCfg = Debug|Any CPU
		{95EC76B4-B82B-472A-97C4-7257246A5B41}.Debug|Any CPU.Build.0 = Debug|Any CPU
		{95EC76B4-B82B-472A-97C4-7257246A5B41}.Release|Any CPU.ActiveCfg = Release|Any CPU
		{95EC76B4-B82B-472A-97C4-7257246A5B41}.Release|Any CPU.Build.0 = Release|Any CPU
		{3C787F5D-0F6C-44F3-A9DA-8AF80EFCB6E1}.Debug|Any CPU.ActiveCfg = Debug|Any CPU
		{3C787F5D-0F6C-44F3-A9DA-8AF80EFCB6E1}.Debug|Any CPU.Build.0 = Debug|Any CPU
		{3C787F5D-0F6C-44F3-A9DA-8AF80EFCB6E1}.Release|Any CPU.ActiveCfg = Release|Any CPU
		{3C787F5D-0F6C-44F3-A9DA-8AF80EFCB6E1}.Release|Any CPU.Build.0 = Release|Any CPU
		{DC3149ED-D37A-4020-B4A0-3AD3B86754F3}.Debug|Any CPU.ActiveCfg = Debug|Any CPU
		{DC3149ED-D37A-4020-B4A0-3AD3B86754F3}.Debug|Any CPU.Build.0 = Debug|Any CPU
		{DC3149ED-D37A-4020-B4A0-3AD3B86754F3}.Release|Any CPU.ActiveCfg = Release|Any CPU
		{DC3149ED-D37A-4020-B4A0-3AD3B86754F3}.Release|Any CPU.Build.0 = Release|Any CPU
		{2DD51B2A-AA1A-493C-9370-72B52B74E350}.Debug|Any CPU.ActiveCfg = Debug|Any CPU
		{2DD51B2A-AA1A-493C-9370-72B52B74E350}.Debug|Any CPU.Build.0 = Debug|Any CPU
		{2DD51B2A-AA1A-493C-9370-72B52B74E350}.Release|Any CPU.ActiveCfg = Release|Any CPU
		{2DD51B2A-AA1A-493C-9370-72B52B74E350}.Release|Any CPU.Build.0 = Release|Any CPU
		{1D6FF32B-C496-4EAB-86F6-CC1B0BC08F1A}.Debug|Any CPU.ActiveCfg = Debug|Any CPU
		{1D6FF32B-C496-4EAB-86F6-CC1B0BC08F1A}.Debug|Any CPU.Build.0 = Debug|Any CPU
		{1D6FF32B-C496-4EAB-86F6-CC1B0BC08F1A}.Release|Any CPU.ActiveCfg = Release|Any CPU
		{1D6FF32B-C496-4EAB-86F6-CC1B0BC08F1A}.Release|Any CPU.Build.0 = Release|Any CPU
		{A8281286-7AAA-4386-9919-6AB5BEA39BAF}.Debug|Any CPU.ActiveCfg = Debug|Any CPU
		{A8281286-7AAA-4386-9919-6AB5BEA39BAF}.Debug|Any CPU.Build.0 = Debug|Any CPU
		{A8281286-7AAA-4386-9919-6AB5BEA39BAF}.Release|Any CPU.ActiveCfg = Release|Any CPU
		{A8281286-7AAA-4386-9919-6AB5BEA39BAF}.Release|Any CPU.Build.0 = Release|Any CPU
		{8364AC12-DBF5-4DFF-B3A2-87472413DE01}.Debug|Any CPU.ActiveCfg = Debug|Any CPU
		{8364AC12-DBF5-4DFF-B3A2-87472413DE01}.Debug|Any CPU.Build.0 = Debug|Any CPU
		{8364AC12-DBF5-4DFF-B3A2-87472413DE01}.Release|Any CPU.ActiveCfg = Release|Any CPU
		{8364AC12-DBF5-4DFF-B3A2-87472413DE01}.Release|Any CPU.Build.0 = Release|Any CPU
	EndGlobalSection
	GlobalSection(SolutionProperties) = preSolution
		HideSolutionNode = FALSE
	EndGlobalSection
	GlobalSection(ExtensibilityGlobals) = postSolution
		SolutionGuid = {9395D174-0646-43EF-9C91-A7EED7678BA4}
	EndGlobalSection
EndGlobal
